// !$*UTF8*$!
{
	archiveVersion = 1;
	classes = {
	};
	objectVersion = 77;
	objects = {

/* Begin PBXBuildFile section */
		2054894F023946BAA2FD5549 /* main.swift in Sources */ = {isa = PBXBuildFile; fileRef = ADF3D87D739742739D869BDA /* main.swift */; };
		35638C4FB12C2B5C45BFA611 /* EFIManager.swift in Sources */ = {isa = PBXBuildFile; fileRef = 7EF946EEAA82821AA86B1CA9 /* EFIManager.swift */; };
		400B1003327E62D7C7530197 /* AppDelegate.swift in Sources */ = {isa = PBXBuildFile; fileRef = 981004F6B17EE29CBD57BA13 /* AppDelegate.swift */; };
		794578263DD04DA6020D1324 /* ViewController.swift in Sources */ = {isa = PBXBuildFile; fileRef = 832A573C3986AE4E0F810A3F /* ViewController.swift */; };
		7B006334878D67E981343525 /* EFIInfo.swift in Sources */ = {isa = PBXBuildFile; fileRef = 8AB8F71D5BB3101F96F7B46B /* EFIInfo.swift */; };
/* End PBXBuildFile section */

/* Begin PBXFileReference section */
		ADF3D87D739742739D869BDA /* main.swift */ = {isa = PBXFileReference; lastKnownFileType = sourcecode.swift; path = main.swift; sourceTree = "<group>"; };
		7EF946EEAA82821AA86B1CA9 /* EFIManager.swift */ = {isa = PBXFileReference; lastKnownFileType = sourcecode.swift; path = EFIManager.swift; sourceTree = "<group>"; };
		832A573C3986AE4E0F810A3F /* ViewController.swift */ = {isa = PBXFileReference; lastKnownFileType = sourcecode.swift; path = ViewController.swift; sourceTree = "<group>"; };
		8AB8F71D5BB3101F96F7B46B /* EFIInfo.swift */ = {isa = PBXFileReference; lastKnownFileType = sourcecode.swift; path = EFIInfo.swift; sourceTree = "<group>"; };
		981004F6B17EE29CBD57BA13 /* AppDelegate.swift */ = {isa = PBXFileReference; lastKnownFileType = sourcecode.swift; path = AppDelegate.swift; sourceTree = "<group>"; };
		DA652CC74628466E677737A6 /* EFI挂载器.app */ = {isa = PBXFileReference; explicitFileType = wrapper.application; includeInIndex = 0; path = "EFI挂载器.app"; sourceTree = BUILT_PRODUCTS_DIR; };
		DC73AC9BFF9517194D6E78E6 /* Info.plist */ = {isa = PBXFileReference; lastKnownFileType = text.plist; path = Info.plist; sourceTree = "<group>"; };
/* End PBXFileReference section */

/* Begin PBXGroup section */
		268A619C5CF88C0CF4F4E3F7 /* Products */ = {
			isa = PBXGroup;
			children = (
				DA652CC74628466E677737A6 /* EFI挂载器.app */,
			);
			name = Products;
			sourceTree = "<group>";
		};
		9EFEF9B76D27A2C8482F6025 = {
			isa = PBXGroup;
			children = (
				B31A0D7457F4AEE9CF896E10 /* EFI挂载器 */,
				268A619C5CF88C0CF4F4E3F7 /* Products */,
			);
			sourceTree = "<group>";
		};
		B31A0D7457F4AEE9CF896E10 /* EFI挂载器 */ = {
			isa = PBXGroup;
			children = (
				981004F6B17EE29CBD57BA13 /* AppDelegate.swift */,
				ADF3D87D739742739D869BDA /* main.swift */,
				8AB8F71D5BB3101F96F7B46B /* EFIInfo.swift */,
				7EF946EEAA82821AA86B1CA9 /* EFIManager.swift */,
				DC73AC9BFF9517194D6E78E6 /* Info.plist */,
				832A573C3986AE4E0F810A3F /* ViewController.swift */,
			);
			path = "EFI挂载器";
			sourceTree = "<group>";
		};
/* End PBXGroup section */

/* Begin PBXNativeTarget section */
		FE3523C8716ACFFA3DBBDB11 /* EFI挂载器 */ = {
			isa = PBXNativeTarget;
			buildConfigurationList = 537C6465F35F53FCB0C6C9B5 /* Build configuration list for PBXNativeTarget "EFI挂载器" */;
			buildPhases = (
				4A2EC2A9270E264D1F813B22 /* Sources */, 
			);
			buildRules = (
			);
			dependencies = (
			);
			name = "EFI挂载器";
			packageProductDependencies = (
			);
			productName = "EFI挂载器";
			productReference = DA652CC74628466E677737A6 /* EFI挂载器.app */;
			productType = "com.apple.product-type.application";
		};
/* End PBXNativeTarget section */

/* Begin PBXProject section */
		091ADA97003DA33C960A62DB /* Project object */ = {
			isa = PBXProject;
			attributes = {
				BuildIndependentTargetsInParallel = YES;
				LastUpgradeCheck = 1430;
				TargetAttributes = {
					FE3523C8716ACFFA3DBBDB11 = {
						ProvisioningStyle = Automatic;
					};
				};
			};
			buildConfigurationList = 8A4F0CB1DF47D4C207A57961 /* Build configuration list for PBXProject "EFI挂载器" */;
			developmentRegion = en;
			hasScannedForEncodings = 0;
			knownRegions = (
				Base,
				en,
			);
			mainGroup = 9EFEF9B76D27A2C8482F6025;
			minimizedProjectReferenceProxies = 1;
			preferredProjectObjectVersion = 77;
			productRefGroup = 268A619C5CF88C0CF4F4E3F7 /* Products */;
			projectDirPath = "";
			projectRoot = "";
			targets = (
				FE3523C8716ACFFA3DBBDB11 /* EFI挂载器 */,
			);
		};
/* End PBXProject section */

/* Begin PBXSourcesBuildPhase section */
		4A2EC2A9270E264D1F813B22 /* Sources */ = {
			isa = PBXSourcesBuildPhase;
			buildActionMask = 2147483647;
			files = (
				2054894F023946BAA2FD5549 /* main.swift in Sources */,
				400B1003327E62D7C7530197 /* AppDelegate.swift in Sources */,
				7B006334878D67E981343525 /* EFIInfo.swift in Sources */,
				35638C4FB12C2B5C45BFA611 /* EFIManager.swift in Sources */,
				794578263DD04DA6020D1324 /* ViewController.swift in Sources */,
			);
			runOnlyForDeploymentPostprocessing = 0;
		};
/* End PBXSourcesBuildPhase section */

/* Begin XCBuildConfiguration section */
		225A91F2011DD73F3D291F4A /* Release */ = {
			isa = XCBuildConfiguration;
			buildSettings = {
				ALWAYS_SEARCH_USER_PATHS = NO;
				CLANG_ANALYZER_NONNULL = YES;
				CLANG_ANALYZER_NUMBER_OBJECT_CONVERSION = YES_AGGRESSIVE;
				CLANG_CXX_LANGUAGE_STANDARD = "gnu++14";
				CLANG_CXX_LIBRARY = "libc++";
				CLANG_ENABLE_MODULES = YES;
				CLANG_ENABLE_OBJC_ARC = YES;
				CLANG_ENABLE_OBJC_WEAK = YES;
				CLANG_WARN_BLOCK_CAPTURE_AUTORELEASING = YES;
				CLANG_WARN_BOOL_CONVERSION = YES;
				CLANG_WARN_COMMA = YES;
				CLANG_WARN_CONSTANT_CONVERSION = YES;
				CLANG_WARN_DEPRECATED_OBJC_IMPLEMENTATIONS = YES;
				CLANG_WARN_DIRECT_OBJC_ISA_USAGE = YES_ERROR;
				CLANG_WARN_DOCUMENTATION_COMMENTS = YES;
				CLANG_WARN_EMPTY_BODY = YES;
				CLANG_WARN_ENUM_CONVERSION = YES;
				CLANG_WARN_INFINITE_RECURSION = YES;
				CLANG_WARN_INT_CONVERSION = YES;
				CLANG_WARN_NON_LITERAL_NULL_CONVERSION = YES;
				CLANG_WARN_OBJC_IMPLICIT_RETAIN_SELF = YES;
				CLANG_WARN_OBJC_LITERAL_CONVERSION = YES;
				CLANG_WARN_OBJC_ROOT_CLASS = YES_ERROR;
				CLANG_WARN_QUOTED_INCLUDE_IN_FRAMEWORK_HEADER = YES;
				CLANG_WARN_RANGE_LOOP_ANALYSIS = YES;
				CLANG_WARN_STRICT_PROTOTYPES = YES;
				CLANG_WARN_SUSPICIOUS_MOVE = YES;
				CLANG_WARN_UNGUARDED_AVAILABILITY = YES_AGGRESSIVE;
				CLANG_WARN_UNREACHABLE_CODE = YES;
				CLANG_WARN__DUPLICATE_METHOD_MATCH = YES;
				COPY_PHASE_STRIP = NO;
				DEBUG_INFORMATION_FORMAT = "dwarf-with-dsym";
				ENABLE_NS_ASSERTIONS = NO;
				ENABLE_STRICT_OBJC_MSGSEND = YES;
				GCC_C_LANGUAGE_STANDARD = gnu11;
				GCC_NO_COMMON_BLOCKS = YES;
				GCC_WARN_64_TO_32_BIT_CONVERSION = YES;
				GCC_WARN_ABOUT_RETURN_TYPE = YES_ERROR;
				GCC_WARN_UNDECLARED_SELECTOR = YES;
				GCC_WARN_UNINITIALIZED_AUTOS = YES_AGGRESSIVE;
				GCC_WARN_UNUSED_FUNCTION = YES;
				GCC_WARN_UNUSED_VARIABLE = YES;
				MACOSX_DEPLOYMENT_TARGET = 11.0;
				MTL_ENABLE_DEBUG_INFO = NO;
				MTL_FAST_MATH = YES;
				PRODUCT_NAME = "EFI挂载器";
				SDKROOT = macosx;
				SWIFT_COMPILATION_MODE = wholemodule;
				SWIFT_OPTIMIZATION_LEVEL = "-O";
				SWIFT_VERSION = 5.0;
			};
			name = Release;
		};
		289F7129B4007D8B04F4E122 /* Release */ = {
			isa = XCBuildConfiguration;
			buildSettings = {
				ASSETCATALOG_COMPILER_APPICON_NAME = AppIcon;
				CODE_SIGN_IDENTITY = "-";
				CODE_SIGN_STYLE = Automatic;
				COMBINE_HIDPI_IMAGES = YES;
				INFOPLIST_FILE = "EFI挂载器/Info.plist";
				INFOPLIST_KEY_CFBundleExecutable = "$(EXECUTABLE_NAME)";
				LD_RUNPATH_SEARCH_PATHS = (
					"$(inherited)",
					"@executable_path/../Frameworks",
				);
				MACOSX_DEPLOYMENT_TARGET = 11.0;
				PRODUCT_BUNDLE_IDENTIFIER = com.efimounter.app;
				PRODUCT_NAME = "EFI挂载器";
				SDKROOT = macosx;
				SWIFT_VERSION = 5.0;
			};
			name = Release;
		};
		9A046346554207CD1095AEBC /* Debug */ = {
			isa = XCBuildConfiguration;
			buildSettings = {
				ASSETCATALOG_COMPILER_APPICON_NAME = AppIcon;
				CODE_SIGN_IDENTITY = "-";
				CODE_SIGN_STYLE = Automatic;
				COMBINE_HIDPI_IMAGES = YES;
				INFOPLIST_FILE = "EFI挂载器/Info.plist";
				INFOPLIST_KEY_CFBundleExecutable = "$(EXECUTABLE_NAME)";
				LD_RUNPATH_SEARCH_PATHS = (
					"$(inherited)",
					"@executable_path/../Frameworks",
				);
				MACOSX_DEPLOYMENT_TARGET = 11.0;
				PRODUCT_BUNDLE_IDENTIFIER = com.efimounter.app;
				PRODUCT_NAME = "EFI挂载器";
				SDKROOT = macosx;
				SWIFT_VERSION = 5.0;
			};
			name = Debug;
		};
		DD17B402A899528EECAA0580 /* Debug */ = {
			isa = XCBuildConfiguration;
			buildSettings = {
				ALWAYS_SEARCH_USER_PATHS = NO;
				CLANG_ANALYZER_NONNULL = YES;
				CLANG_ANALYZER_NUMBER_OBJECT_CONVERSION = YES_AGGRESSIVE;
				CLANG_CXX_LANGUAGE_STANDARD = "gnu++14";
				CLANG_CXX_LIBRARY = "libc++";
				CLANG_ENABLE_MODULES = YES;
				CLANG_ENABLE_OBJC_ARC = YES;
				CLANG_ENABLE_OBJC_WEAK = YES;
				CLANG_WARN_BLOCK_CAPTURE_AUTORELEASING = YES;
				CLANG_WARN_BOOL_CONVERSION = YES;
				CLANG_WARN_COMMA = YES;
				CLANG_WARN_CONSTANT_CONVERSION = YES;
				CLANG_WARN_DEPRECATED_OBJC_IMPLEMENTATIONS = YES;
				CLANG_WARN_DIRECT_OBJC_ISA_USAGE = YES_ERROR;
				CLANG_WARN_DOCUMENTATION_COMMENTS = YES;
				CLANG_WARN_EMPTY_BODY = YES;
				CLANG_WARN_ENUM_CONVERSION = YES;
				CLANG_WARN_INFINITE_RECURSION = YES;
				CLANG_WARN_INT_CONVERSION = YES;
				CLANG_WARN_NON_LITERAL_NULL_CONVERSION = YES;
				CLANG_WARN_OBJC_IMPLICIT_RETAIN_SELF = YES;
				CLANG_WARN_OBJC_LITERAL_CONVERSION = YES;
				CLANG_WARN_OBJC_ROOT_CLASS = YES_ERROR;
				CLANG_WARN_QUOTED_INCLUDE_IN_FRAMEWORK_HEADER = YES;
				CLANG_WARN_RANGE_LOOP_ANALYSIS = YES;
				CLANG_WARN_STRICT_PROTOTYPES = YES;
				CLANG_WARN_SUSPICIOUS_MOVE = YES;
				CLANG_WARN_UNGUARDED_AVAILABILITY = YES_AGGRESSIVE;
				CLANG_WARN_UNREACHABLE_CODE = YES;
				CLANG_WARN__DUPLICATE_METHOD_MATCH = YES;
				COPY_PHASE_STRIP = NO;
				DEBUG_INFORMATION_FORMAT = dwarf;
				ENABLE_STRICT_OBJC_MSGSEND = YES;
				ENABLE_TESTABILITY = YES;
				GCC_C_LANGUAGE_STANDARD = gnu11;
				GCC_DYNAMIC_NO_PIC = NO;
				GCC_NO_COMMON_BLOCKS = YES;
				GCC_OPTIMIZATION_LEVEL = 0;
				GCC_PREPROCESSOR_DEFINITIONS = (
					"$(inherited)",
					"DEBUG=1",
				);
				GCC_WARN_64_TO_32_BIT_CONVERSION = YES;
				GCC_WARN_ABOUT_RETURN_TYPE = YES_ERROR;
				GCC_WARN_UNDECLARED_SELECTOR = YES;
				GCC_WARN_UNINITIALIZED_AUTOS = YES_AGGRESSIVE;
				GCC_WARN_UNUSED_FUNCTION = YES;
				GCC_WARN_UNUSED_VARIABLE = YES;
				MACOSX_DEPLOYMENT_TARGET = 11.0;
				MTL_ENABLE_DEBUG_INFO = INCLUDE_SOURCE;
				MTL_FAST_MATH = YES;
				ONLY_ACTIVE_ARCH = YES;
				PRODUCT_NAME = "EFI挂载器";
				SDKROOT = macosx;
				SWIFT_ACTIVE_COMPILATION_CONDITIONS = DEBUG;
				SWIFT_OPTIMIZATION_LEVEL = "-Onone";
				SWIFT_VERSION = 5.0;
			};
			name = Debug;
		};
/* End XCBuildConfiguration section */

/* Begin XCConfigurationList section */
		537C6465F35F53FCB0C6C9B5 /* Build configuration list for PBXNativeTarget "EFI挂载器" */ = {
			isa = XCConfigurationList;
			buildConfigurations = (
				9A046346554207CD1095AEBC /* Debug */,
				289F7129B4007D8B04F4E122 /* Release */,
			);
			defaultConfigurationIsVisible = 0;
			defaultConfigurationName = Debug;
		};
		8A4F0CB1DF47D4C207A57961 /* Build configuration list for PBXProject "EFI挂载器" */ = {
			isa = XCConfigurationList;
			buildConfigurations = (
				DD17B402A899528EECAA0580 /* Debug */,
				225A91F2011DD73F3D291F4A /* Release */,
			);
			defaultConfigurationIsVisible = 0;
			defaultConfigurationName = Debug;
		};
/* End XCConfigurationList section */
	};
	rootObject = 091ADA97003DA33C960A62DB /* Project object */;
}
